
Microsoft Visual Studio Solution File, Format Version 12.00
# Visual Studio 2013
VisualStudioVersion = 12.0.20827.3
MinimumVisualStudioVersion = 10.0.40219.1
Project("{FAE04EC0-301F-11D3-BF4B-00C04F79EFBC}") = "BAG.Menu", "server\BAG.Menu\BAG.Menu.csproj", "{C8305AB0-7724-4C2A-B1F0-15E578CA7724}"
EndProject
Project("{E24C65DC-7377-472B-9ABA-BC803B73C61A}") = "web", "http://localhost:2008", "{C46253AF-68B6-4E04-AE9E-7FF4D2E3BEAC}"
	ProjectSection(WebsiteProperties) = preProject
		UseIISExpress = "true"
		TargetFrameworkMoniker = ".NETFramework,Version%3Dv4.0"
		Debug.AspNetCompiler.VirtualPath = "/localhost_2008"
		Debug.AspNetCompiler.PhysicalPath = "client\web\"
		Debug.AspNetCompiler.TargetPath = "PrecompiledWeb\localhost_2008\"
		Debug.AspNetCompiler.Updateable = "true"
		Debug.AspNetCompiler.ForceOverwrite = "true"
		Debug.AspNetCompiler.FixedNames = "false"
		Debug.AspNetCompiler.Debug = "True"
		Release.AspNetCompiler.VirtualPath = "/localhost_2008"
		Release.AspNetCompiler.PhysicalPath = "client\web\"
		Release.AspNetCompiler.TargetPath = "PrecompiledWeb\localhost_2008\"
		Release.AspNetCompiler.Updateable = "true"
		Release.AspNetCompiler.ForceOverwrite = "true"
		Release.AspNetCompiler.FixedNames = "false"
		Release.AspNetCompiler.Debug = "False"
		SlnRelativePath = "client\web\"
	EndProjectSection
EndProject
Project("{FAE04EC0-301F-11D3-BF4B-00C04F79EFBC}") = "BAG.Menu.Core", "server\BAG.Menu.Core\BAG.Menu.Core.csproj", "{3F2E13F2-D1EC-4480-B7F4-24894D398675}"
EndProject
Project("{FAE04EC0-301F-11D3-BF4B-00C04F79EFBC}") = "BAG.Menu.Impl", "server\BAG.Menu.Impl\BAG.Menu.Impl.csproj", "{C8DFE065-1A65-44F2-805C-9BBBD2245565}"
EndProject
Global
	GlobalSection(SolutionConfigurationPlatforms) = preSolution
		Debug|Any CPU = Debug|Any CPU
		Release|Any CPU = Release|Any CPU
	EndGlobalSection
	GlobalSection(ProjectConfigurationPlatforms) = postSolution
		{C8305AB0-7724-4C2A-B1F0-15E578CA7724}.Debug|Any CPU.ActiveCfg = Debug|Any CPU
		{C8305AB0-7724-4C2A-B1F0-15E578CA7724}.Debug|Any CPU.Build.0 = Debug|Any CPU
		{C8305AB0-7724-4C2A-B1F0-15E578CA7724}.Release|Any CPU.ActiveCfg = Release|Any CPU
		{C8305AB0-7724-4C2A-B1F0-15E578CA7724}.Release|Any CPU.Build.0 = Release|Any CPU
		{C46253AF-68B6-4E04-AE9E-7FF4D2E3BEAC}.Debug|Any CPU.ActiveCfg = Debug|Any CPU
		{C46253AF-68B6-4E04-AE9E-7FF4D2E3BEAC}.Debug|Any CPU.Build.0 = Debug|Any CPU
		{C46253AF-68B6-4E04-AE9E-7FF4D2E3BEAC}.Release|Any CPU.ActiveCfg = Debug|Any CPU
		{C46253AF-68B6-4E04-AE9E-7FF4D2E3BEAC}.Release|Any CPU.Build.0 = Debug|Any CPU
		{3F2E13F2-D1EC-4480-B7F4-24894D398675}.Debug|Any CPU.ActiveCfg = Debug|Any CPU
		{3F2E13F2-D1EC-4480-B7F4-24894D398675}.Debug|Any CPU.Build.0 = Debug|Any CPU
		{3F2E13F2-D1EC-4480-B7F4-24894D398675}.Release|Any CPU.ActiveCfg = Release|Any CPU
		{3F2E13F2-D1EC-4480-B7F4-24894D398675}.Release|Any CPU.Build.0 = Release|Any CPU
		{C8DFE065-1A65-44F2-805C-9BBBD2245565}.Debug|Any CPU.ActiveCfg = Debug|Any CPU
		{C8DFE065-1A65-44F2-805C-9BBBD2245565}.Debug|Any CPU.Build.0 = Debug|Any CPU
		{C8DFE065-1A65-44F2-805C-9BBBD2245565}.Release|Any CPU.ActiveCfg = Release|Any CPU
		{C8DFE065-1A65-44F2-805C-9BBBD2245565}.Release|Any CPU.Build.0 = Release|Any CPU
	EndGlobalSection
	GlobalSection(SolutionProperties) = preSolution
		HideSolutionNode = FALSE
	EndGlobalSection
EndGlobal
